{
  "name": "Machine Model",
  "lockfileVersion": 2,
  "requires": true,
  "packages": {
    "": {
      "dependencies": {
        "click": "^0.1.0",
        "flask": "^0.2.10"
      }
    },
    "node_modules/click": {
      "version": "0.1.0",
      "resolved": "https://registry.npmjs.org/click/-/click-0.1.0.tgz",
      "integrity": "sha512-dveXPLXKYPqhNpRKZUm9lSj4P1w+OpZOsaCysGklXuX47J4g1WBBHPn+XeVLT9RmUDIig/wDMgJxhr1MRMjt1Q=="
    },
    "node_modules/flask": {
      "version": "0.2.10",
      "resolved": "https://registry.npmjs.org/flask/-/flask-0.2.10.tgz",
      "integrity": "sha512-Zy69KIuFsoX0o2W5uDHHk1GHMwRT8QT0AboPQY7b1soCfJ2pfwKxHF2AGVwJmDUjzawgOavoY/UsXnZ7fk3lVQ=="
    }
  },
  "dependencies": {
    "click": {
      "version": "0.1.0",
      "resolved": "https://registry.npmjs.org/click/-/click-0.1.0.tgz",
      "integrity": "sha512-dveXPLXKYPqhNpRKZUm9lSj4P1w+OpZOsaCysGklXuX47J4g1WBBHPn+XeVLT9RmUDIig/wDMgJxhr1MRMjt1Q=="
    },
    "flask": {
      "version": "0.2.10",
      "resolved": "https://registry.npmjs.org/flask/-/flask-0.2.10.tgz",
      "integrity": "sha512-Zy69KIuFsoX0o2W5uDHHk1GHMwRT8QT0AboPQY7b1soCfJ2pfwKxHF2AGVwJmDUjzawgOavoY/UsXnZ7fk3lVQ=="
    }
  }
}
